// !$*UTF8*$!
{
	archiveVersion = 1;
	classes = {
	};
	objectVersion = 46;
	objects = {

/* Begin PBXBuildFile section */
		6D248F971D9E8D4700638FCB /* main.m in Sources */ = {isa = PBXBuildFile; fileRef = 6D248F961D9E8D4700638FCB /* main.m */; };
		6D248F9A1D9E8D4800638FCB /* AppDelegate.m in Sources */ = {isa = PBXBuildFile; fileRef = 6D248F991D9E8D4800638FCB /* AppDelegate.m */; };
		6D248F9D1D9E8D4800638FCB /* ViewController.m in Sources */ = {isa = PBXBuildFile; fileRef = 6D248F9C1D9E8D4800638FCB /* ViewController.m */; };
		6D248FA01D9E8D4800638FCB /* Main.storyboard in Resources */ = {isa = PBXBuildFile; fileRef = 6D248F9E1D9E8D4800638FCB /* Main.storyboard */; };
		6D248FA21D9E8D4800638FCB /* Assets.xcassets in Resources */ = {isa = PBXBuildFile; fileRef = 6D248FA11D9E8D4800638FCB /* Assets.xcassets */; };
		6D248FA51D9E8D4800638FCB /* LaunchScreen.storyboard in Resources */ = {isa = PBXBuildFile; fileRef = 6D248FA31D9E8D4800638FCB /* LaunchScreen.storyboard */; };
		6DF881951DA22D040042BF23 /* WebAdapter.m in Sources */ = {isa = PBXBuildFile; fileRef = 6DF881941DA22D040042BF23 /* WebAdapter.m */; };
		6DF8819C1DA22DCD0042BF23 /* NSString+Mrupee.m in Sources */ = {isa = PBXBuildFile; fileRef = 6DF8819B1DA22DCD0042BF23 /* NSString+Mrupee.m */; };
/* End PBXBuildFile section */

/* Begin PBXFileReference section */
		6D248F921D9E8D4700638FCB /* IOS_DemoAPP.app */ = {isa = PBXFileReference; explicitFileType = wrapper.application; includeInIndex = 0; path = IOS_DemoAPP.app; sourceTree = BUILT_PRODUCTS_DIR; };
		6D248F961D9E8D4700638FCB /* main.m */ = {isa = PBXFileReference; lastKnownFileType = sourcecode.c.objc; path = main.m; sourceTree = "<group>"; };
		6D248F981D9E8D4700638FCB /* AppDelegate.h */ = {isa = PBXFileReference; lastKnownFileType = sourcecode.c.h; path = AppDelegate.h; sourceTree = "<group>"; };
		6D248F991D9E8D4800638FCB /* AppDelegate.m */ = {isa = PBXFileReference; lastKnownFileType = sourcecode.c.objc; path = AppDelegate.m; sourceTree = "<group>"; };
		6D248F9B1D9E8D4800638FCB /* ViewController.h */ = {isa = PBXFileReference; lastKnownFileType = sourcecode.c.h; path = ViewController.h; sourceTree = "<group>"; };
		6D248F9C1D9E8D4800638FCB /* ViewController.m */ = {isa = PBXFileReference; lastKnownFileType = sourcecode.c.objc; path = ViewController.m; sourceTree = "<group>"; };
		6D248F9F1D9E8D4800638FCB /* Base */ = {isa = PBXFileReference; lastKnownFileType = file.storyboard; name = Base; path = Base.lproj/Main.storyboard; sourceTree = "<group>"; };
		6D248FA11D9E8D4800638FCB /* Assets.xcassets */ = {isa = PBXFileReference; lastKnownFileType = folder.assetcatalog; path = Assets.xcassets; sourceTree = "<group>"; };
		6D248FA41D9E8D4800638FCB /* Base */ = {isa = PBXFileReference; lastKnownFileType = file.storyboard; name = Base; path = Base.lproj/LaunchScreen.storyboard; sourceTree = "<group>"; };
		6D248FA61D9E8D4800638FCB /* Info.plist */ = {isa = PBXFileReference; lastKnownFileType = text.plist.xml; path = Info.plist; sourceTree = "<group>"; };
		6DF881931DA22D040042BF23 /* WebAdapter.h */ = {isa = PBXFileReference; fileEncoding = 4; lastKnownFileType = sourcecode.c.h; path = WebAdapter.h; sourceTree = "<group>"; };
		6DF881941DA22D040042BF23 /* WebAdapter.m */ = {isa = PBXFileReference; fileEncoding = 4; lastKnownFileType = sourcecode.c.objc; path = WebAdapter.m; sourceTree = "<group>"; };
		6DF881961DA22D380042BF23 /* Constant.h */ = {isa = PBXFileReference; lastKnownFileType = sourcecode.c.h; path = Constant.h; sourceTree = "<group>"; };
		6DF8819A1DA22DCD0042BF23 /* NSString+Mrupee.h */ = {isa = PBXFileReference; fileEncoding = 4; lastKnownFileType = sourcecode.c.h; path = "NSString+Mrupee.h"; sourceTree = "<group>"; };
		6DF8819B1DA22DCD0042BF23 /* NSString+Mrupee.m */ = {isa = PBXFileReference; fileEncoding = 4; lastKnownFileType = sourcecode.c.objc; path = "NSString+Mrupee.m"; sourceTree = "<group>"; };
/* End PBXFileReference section */

/* Begin PBXFrameworksBuildPhase section */
		6D248F8F1D9E8D4700638FCB /* Frameworks */ = {
			isa = PBXFrameworksBuildPhase;
			buildActionMask = 2147483647;
			files = (
			);
			runOnlyForDeploymentPostprocessing = 0;
		};
/* End PBXFrameworksBuildPhase section */

/* Begin PBXGroup section */
		6D248F891D9E8D4700638FCB = {
			isa = PBXGroup;
			children = (
				6D248F941D9E8D4700638FCB /* IOS_DemoAPP */,
				6D248F931D9E8D4700638FCB /* Products */,
			);
			sourceTree = "<group>";
		};
		6D248F931D9E8D4700638FCB /* Products */ = {
			isa = PBXGroup;
			children = (
				6D248F921D9E8D4700638FCB /* IOS_DemoAPP.app */,
			);
			name = Products;
			sourceTree = "<group>";
		};
		6D248F941D9E8D4700638FCB /* IOS_DemoAPP */ = {
			isa = PBXGroup;
			children = (
				6DF881921DA22C940042BF23 /* WEBCALL */,
				6D248F981D9E8D4700638FCB /* AppDelegate.h */,
				6D248F991D9E8D4800638FCB /* AppDelegate.m */,
				6D248F9B1D9E8D4800638FCB /* ViewController.h */,
				6D248F9C1D9E8D4800638FCB /* ViewController.m */,
				6D248F9E1D9E8D4800638FCB /* Main.storyboard */,
				6D248FA11D9E8D4800638FCB /* Assets.xcassets */,
				6D248FA31D9E8D4800638FCB /* LaunchScreen.storyboard */,
				6D248FA61D9E8D4800638FCB /* Info.plist */,
				6D248F951D9E8D4700638FCB /* Supporting Files */,
			);
			path = IOS_DemoAPP;
			sourceTree = "<group>";
		};
		6D248F951D9E8D4700638FCB /* Supporting Files */ = {
			isa = PBXGroup;
			children = (
				6D248F961D9E8D4700638FCB /* main.m */,
			);
			name = "Supporting Files";
			sourceTree = "<group>";
		};
		6DF881921DA22C940042BF23 /* WEBCALL */ = {
			isa = PBXGroup;
			children = (
				6DF8819A1DA22DCD0042BF23 /* NSString+Mrupee.h */,
				6DF8819B1DA22DCD0042BF23 /* NSString+Mrupee.m */,
				6DF881961DA22D380042BF23 /* Constant.h */,
				6DF881931DA22D040042BF23 /* WebAdapter.h */,
				6DF881941DA22D040042BF23 /* WebAdapter.m */,
			);
			name = WEBCALL;
			sourceTree = "<group>";
		};
/* End PBXGroup section */

/* Begin PBXNativeTarget section */
		6D248F911D9E8D4700638FCB /* IOS_DemoAPP */ = {
			isa = PBXNativeTarget;
			buildConfigurationList = 6D248FA91D9E8D4800638FCB /* Build configuration list for PBXNativeTarget "IOS_DemoAPP" */;
			buildPhases = (
				6D248F8E1D9E8D4700638FCB /* Sources */,
				6D248F8F1D9E8D4700638FCB /* Frameworks */,
				6D248F901D9E8D4700638FCB /* Resources */,
			);
			buildRules = (
			);
			dependencies = (
			);
			name = IOS_DemoAPP;
			productName = IOS_DemoAPP;
			productReference = 6D248F921D9E8D4700638FCB /* IOS_DemoAPP.app */;
			productType = "com.apple.product-type.application";
		};
/* End PBXNativeTarget section */

/* Begin PBXProject section */
		6D248F8A1D9E8D4700638FCB /* Project object */ = {
			isa = PBXProject;
			attributes = {
				LastUpgradeCheck = 0720;
				ORGANIZATIONNAME = Gamex;
				TargetAttributes = {
					6D248F911D9E8D4700638FCB = {
						CreatedOnToolsVersion = 7.2;
					};
				};
			};
			buildConfigurationList = 6D248F8D1D9E8D4700638FCB /* Build configuration list for PBXProject "IOS_DemoAPP" */;
			compatibilityVersion = "Xcode 3.2";
			developmentRegion = English;
			hasScannedForEncodings = 0;
			knownRegions = (
				en,
				Base,
			);
			mainGroup = 6D248F891D9E8D4700638FCB;
			productRefGroup = 6D248F931D9E8D4700638FCB /* Products */;
			projectDirPath = "";
			projectRoot = "";
			targets = (
				6D248F911D9E8D4700638FCB /* IOS_DemoAPP */,
			);
		};
/* End PBXProject section */

/* Begin PBXResourcesBuildPhase section */
		6D248F901D9E8D4700638FCB /* Resources */ = {
			isa = PBXResourcesBuildPhase;
			buildActionMask = 2147483647;
			files = (
				6D248FA51D9E8D4800638FCB /* LaunchScreen.storyboard in Resources */,
				6D248FA21D9E8D4800638FCB /* Assets.xcassets in Resources */,
				6D248FA01D9E8D4800638FCB /* Main.storyboard in Resources */,
			);
			runOnlyForDeploymentPostprocessing = 0;
		};
/* End PBXResourcesBuildPhase section */

/* Begin PBXSourcesBuildPhase section */
		6D248F8E1D9E8D4700638FCB /* Sources */ = {
			isa = PBXSourcesBuildPhase;
			buildActionMask = 2147483647;
			files = (
				6D248F9D1D9E8D4800638FCB /* ViewController.m in Sources */,
				6D248F9A1D9E8D4800638FCB /* AppDelegate.m in Sources */,
				6DF8819C1DA22DCD0042BF23 /* NSString+Mrupee.m in Sources */,
				6DF881951DA22D040042BF23 /* WebAdapter.m in Sources */,
				6D248F971D9E8D4700638FCB /* main.m in Sources */,
			);
			runOnlyForDeploymentPostprocessing = 0;
		};
/* End PBXSourcesBuildPhase section */

/* Begin PBXVariantGroup section */
		6D248F9E1D9E8D4800638FCB /* Main.storyboard */ = {
			isa = PBXVariantGroup;
			children = (
				6D248F9F1D9E8D4800638FCB /* Base */,
			);
			name = Main.storyboard;
			sourceTree = "<group>";
		};
		6D248FA31D9E8D4800638FCB /* LaunchScreen.storyboard */ = {
			isa = PBXVariantGroup;
			children = (
				6D248FA41D9E8D4800638FCB /* Base */,
			);
			name = LaunchScreen.storyboard;
			sourceTree = "<group>";
		};
/* End PBXVariantGroup section */

/* Begin XCBuildConfiguration section */
		6D248FA71D9E8D4800638FCB /* Debug */ = {
			isa = XCBuildConfiguration;
			buildSettings = {
				ALWAYS_SEARCH_USER_PATHS = NO;
				CLANG_CXX_LANGUAGE_STANDARD = "gnu++0x";
				CLANG_CXX_LIBRARY = "libc++";
				CLANG_ENABLE_MODULES = YES;
				CLANG_ENABLE_OBJC_ARC = YES;
				CLANG_WARN_BOOL_CONVERSION = YES;
				CLANG_WARN_CONSTANT_CONVERSION = YES;
				CLANG_WARN_DIRECT_OBJC_ISA_USAGE = YES_ERROR;
				CLANG_WARN_EMPTY_BODY = YES;
				CLANG_WARN_ENUM_CONVERSION = YES;
				CLANG_WARN_INT_CONVERSION = YES;
				CLANG_WARN_OBJC_ROOT_CLASS = YES_ERROR;
				CLANG_WARN_UNREACHABLE_CODE = YES;
				CLANG_WARN__DUPLICATE_METHOD_MATCH = YES;
				"CODE_SIGN_IDENTITY[sdk=iphoneos*]" = "iPhone Developer";
				COPY_PHASE_STRIP = NO;
				DEBUG_INFORMATION_FORMAT = dwarf;
				ENABLE_STRICT_OBJC_MSGSEND = YES;
				ENABLE_TESTABILITY = YES;
				GCC_C_LANGUAGE_STANDARD = gnu99;
				GCC_DYNAMIC_NO_PIC = NO;
				GCC_NO_COMMON_BLOCKS = YES;
				GCC_OPTIMIZATION_LEVEL = 0;
				GCC_PREPROCESSOR_DEFINITIONS = (
					"DEBUG=1",
					"$(inherited)",
				);
				GCC_WARN_64_TO_32_BIT_CONVERSION = YES;
				GCC_WARN_ABOUT_RETURN_TYPE = YES_ERROR;
				GCC_WARN_UNDECLARED_SELECTOR = YES;
				GCC_WARN_UNINITIALIZED_AUTOS = YES_AGGRESSIVE;
				GCC_WARN_UNUSED_FUNCTION = YES;
				GCC_WARN_UNUSED_VARIABLE = YES;
				IPHONEOS_DEPLOYMENT_TARGET = 9.2;
				MTL_ENABLE_DEBUG_INFO = YES;
				ONLY_ACTIVE_ARCH = YES;
				SDKROOT = iphoneos;
			};
			name = Debug;
		};
		6D248FA81D9E8D4800638FCB /* Release */ = {
			isa = XCBuildConfiguration;
			buildSettings = {
				ALWAYS_SEARCH_USER_PATHS = NO;
				CLANG_CXX_LANGUAGE_STANDARD = "gnu++0x";
				CLANG_CXX_LIBRARY = "libc++";
				CLANG_ENABLE_MODULES = YES;
				CLANG_ENABLE_OBJC_ARC = YES;
				CLANG_WARN_BOOL_CONVERSION = YES;
				CLANG_WARN_CONSTANT_CONVERSION = YES;
				CLANG_WARN_DIRECT_OBJC_ISA_USAGE = YES_ERROR;
				CLANG_WARN_EMPTY_BODY = YES;
				CLANG_WARN_ENUM_CONVERSION = YES;
				CLANG_WARN_INT_CONVERSION = YES;
				CLANG_WARN_OBJC_ROOT_CLASS = YES_ERROR;
				CLANG_WARN_UNREACHABLE_CODE = YES;
				CLANG_WARN__DUPLICATE_METHOD_MATCH = YES;
				"CODE_SIGN_IDENTITY[sdk=iphoneos*]" = "iPhone Developer";
				COPY_PHASE_STRIP = NO;
				DEBUG_INFORMATION_FORMAT = "dwarf-with-dsym";
				ENABLE_NS_ASSERTIONS = NO;
				ENABLE_STRICT_OBJC_MSGSEND = YES;
				GCC_C_LANGUAGE_STANDARD = gnu99;
				GCC_NO_COMMON_BLOCKS = YES;
				GCC_WARN_64_TO_32_BIT_CONVERSION = YES;
				GCC_WARN_ABOUT_RETURN_TYPE = YES_ERROR;
				GCC_WARN_UNDECLARED_SELECTOR = YES;
				GCC_WARN_UNINITIALIZED_AUTOS = YES_AGGRESSIVE;
				GCC_WARN_UNUSED_FUNCTION = YES;
				GCC_WARN_UNUSED_VARIABLE = YES;
				IPHONEOS_DEPLOYMENT_TARGET = 9.2;
				MTL_ENABLE_DEBUG_INFO = NO;
				SDKROOT = iphoneos;
				VALIDATE_PRODUCT = YES;
			};
			name = Release;
		};
		6D248FAA1D9E8D4800638FCB /* Debug */ = {
			isa = XCBuildConfiguration;
			buildSettings = {
				ASSETCATALOG_COMPILER_APPICON_NAME = AppIcon;
				INFOPLIST_FILE = IOS_DemoAPP/Info.plist;
				LD_RUNPATH_SEARCH_PATHS = "$(inherited) @executable_path/Frameworks";
				PRODUCT_BUNDLE_IDENTIFIER = "com.tth.-.IOS-DemoAPP";
				PRODUCT_NAME = "$(TARGET_NAME)";
			};
			name = Debug;
		};
		6D248FAB1D9E8D4800638FCB /* Release */ = {
			isa = XCBuildConfiguration;
			buildSettings = {
				ASSETCATALOG_COMPILER_APPICON_NAME = AppIcon;
				INFOPLIST_FILE = IOS_DemoAPP/Info.plist;
				LD_RUNPATH_SEARCH_PATHS = "$(inherited) @executable_path/Frameworks";
				PRODUCT_BUNDLE_IDENTIFIER = "com.tth.-.IOS-DemoAPP";
				PRODUCT_NAME = "$(TARGET_NAME)";
			};
			name = Release;
		};
/* End XCBuildConfiguration section */

/* Begin XCConfigurationList section */
		6D248F8D1D9E8D4700638FCB /* Build configuration list for PBXProject "IOS_DemoAPP" */ = {
			isa = XCConfigurationList;
			buildConfigurations = (
				6D248FA71D9E8D4800638FCB /* Debug */,
				6D248FA81D9E8D4800638FCB /* Release */,
			);
			defaultConfigurationIsVisible = 0;
			defaultConfigurationName = Release;
		};
		6D248FA91D9E8D4800638FCB /* Build configuration list for PBXNativeTarget "IOS_DemoAPP" */ = {
			isa = XCConfigurationList;
			buildConfigurations = (
				6D248FAA1D9E8D4800638FCB /* Debug */,
				6D248FAB1D9E8D4800638FCB /* Release */,
			);
			defaultConfigurationIsVisible = 0;
			defaultConfigurationName = Release;
		};
/* End XCConfigurationList section */
	};
	rootObject = 6D248F8A1D9E8D4700638FCB /* Project object */;
}
